
Microsoft Visual Studio Solution File, Format Version 12.00
# Visual Studio 2012
Project("{FAE04EC0-301F-11D3-BF4B-00C04F79EFBC}") = "EXAMEN.PRESENTACION", "EXAMEN.PRESENTACION\EXAMEN.PRESENTACION.csproj", "{FA4A818A-DB17-4276-8E27-EA09E204E243}"
EndProject
Project("{FAE04EC0-301F-11D3-BF4B-00C04F79EFBC}") = "EXAMEN.NEGOCIO", "EXAMEN.NEGOCIO\EXAMEN.NEGOCIO.csproj", "{FCE71324-A83E-4D5C-B584-5D4699A72124}"
EndProject
Project("{FAE04EC0-301F-11D3-BF4B-00C04F79EFBC}") = "EXAMEN.PRUEBAUNITARIA", "EXAMEN.PRUEBAUNITARIA\EXAMEN.PRUEBAUNITARIA.csproj", "{57A5B03C-6EAE-40F2-8FA1-EF104206E750}"
EndProject
Global
	GlobalSection(TeamFoundationVersionControl) = preSolution
		SccNumberOfProjects = 4
		SccEnterpriseProvider = {4CA58AB2-18FA-4F8D-95D4-32DDF27D184C}
		SccTeamFoundationServer = https://cesarrojas.visualstudio.com/defaultcollection
		SccLocalPath0 = .
		SccProjectUniqueName1 = EXAMEN.NEGOCIO\\EXAMEN.NEGOCIO.csproj
		SccProjectName1 = EXAMEN.NEGOCIO
		SccLocalPath1 = EXAMEN.NEGOCIO
		SccProjectUniqueName2 = EXAMEN.PRESENTACION\\EXAMEN.PRESENTACION.csproj
		SccProjectName2 = EXAMEN.PRESENTACION
		SccLocalPath2 = EXAMEN.PRESENTACION
		SccProjectUniqueName3 = EXAMEN.PRUEBAUNITARIA\\EXAMEN.PRUEBAUNITARIA.csproj
		SccProjectName3 = EXAMEN.PRUEBAUNITARIA
		SccLocalPath3 = EXAMEN.PRUEBAUNITARIA
	EndGlobalSection
	GlobalSection(SolutionConfigurationPlatforms) = preSolution
		Debug|Any CPU = Debug|Any CPU
		Release|Any CPU = Release|Any CPU
	EndGlobalSection
	GlobalSection(ProjectConfigurationPlatforms) = postSolution
		{FA4A818A-DB17-4276-8E27-EA09E204E243}.Debug|Any CPU.ActiveCfg = Debug|Any CPU
		{FA4A818A-DB17-4276-8E27-EA09E204E243}.Debug|Any CPU.Build.0 = Debug|Any CPU
		{FA4A818A-DB17-4276-8E27-EA09E204E243}.Release|Any CPU.ActiveCfg = Release|Any CPU
		{FA4A818A-DB17-4276-8E27-EA09E204E243}.Release|Any CPU.Build.0 = Release|Any CPU
		{FCE71324-A83E-4D5C-B584-5D4699A72124}.Debug|Any CPU.ActiveCfg = Debug|Any CPU
		{FCE71324-A83E-4D5C-B584-5D4699A72124}.Debug|Any CPU.Build.0 = Debug|Any CPU
		{FCE71324-A83E-4D5C-B584-5D4699A72124}.Release|Any CPU.ActiveCfg = Release|Any CPU
		{FCE71324-A83E-4D5C-B584-5D4699A72124}.Release|Any CPU.Build.0 = Release|Any CPU
		{57A5B03C-6EAE-40F2-8FA1-EF104206E750}.Debug|Any CPU.ActiveCfg = Debug|Any CPU
		{57A5B03C-6EAE-40F2-8FA1-EF104206E750}.Debug|Any CPU.Build.0 = Debug|Any CPU
		{57A5B03C-6EAE-40F2-8FA1-EF104206E750}.Release|Any CPU.ActiveCfg = Release|Any CPU
		{57A5B03C-6EAE-40F2-8FA1-EF104206E750}.Release|Any CPU.Build.0 = Release|Any CPU
	EndGlobalSection
	GlobalSection(SolutionProperties) = preSolution
		HideSolutionNode = FALSE
	EndGlobalSection
EndGlobal
